
Microsoft Visual Studio Solution File, Format Version 12.00
# Visual Studio Version 17
VisualStudioVersion = 17.0.31903.59
MinimumVisualStudioVersion = 10.0.40219.1
Project("{9A19103F-16F7-4668-BE54-9A1E7A4F7556}") = "ConfigurationFundamentals", "ConfigurationFundamentals\ConfigurationFundamentals.csproj", "{30CD24A2-3DC1-4917-9DF9-C932CAF0C506}"
EndProject
Project("{9A19103F-16F7-4668-BE54-9A1E7A4F7556}") = "DependencyInversionFundamentals", "DependencyInversionFundamentals\DependencyInversionFundamentals.csproj", "{21F5CDF6-9CBB-4B38-8734-85740CE58CDE}"
EndProject
Project("{9A19103F-16F7-4668-BE54-9A1E7A4F7556}") = "AspNetConfigurationFundamentals", "AspNetConfigurationFundamentals\AspNetConfigurationFundamentals.csproj", "{5D4D6812-424E-4B93-8745-737CDF6F0388}"
EndProject
Project("{9A19103F-16F7-4668-BE54-9A1E7A4F7556}") = "HostBuilderFundamentals", "HostBuilderFundamentals\HostBuilderFundamentals.csproj", "{3A5D13A2-5E96-4973-9DD4-624E86B74F71}"
EndProject
Project("{9A19103F-16F7-4668-BE54-9A1E7A4F7556}") = "CSharpLanguageFundamentals", "CSharpLanguageFundamentals\CSharpLanguageFundamentals.csproj", "{3039227E-8131-4116-9693-DDB868A7AF69}"
EndProject
Project("{2150E333-8FDC-42A3-9474-1A3956D46DE8}") = "PatchingExample", "PatchingExample", "{2CF05998-F860-48A1-8917-AE33FF5F90C3}"
EndProject
Project("{9A19103F-16F7-4668-BE54-9A1E7A4F7556}") = "PatchingClientExample", "PatchingExample\PatchingClientExample\PatchingClientExample.csproj", "{67426E13-A5C7-415D-90EA-79661CB4A420}"
EndProject
Project("{9A19103F-16F7-4668-BE54-9A1E7A4F7556}") = "PatchingModels", "PatchingExample\PatchingModels\PatchingModels.csproj", "{1DC09180-32F8-45DA-9C68-CB999DF32D17}"
EndProject
Project("{2150E333-8FDC-42A3-9474-1A3956D46DE8}") = "Libraries", "Libraries", "{912FACA1-1F5E-4E4A-8549-D099D3E62158}"
EndProject
Project("{9A19103F-16F7-4668-BE54-9A1E7A4F7556}") = "Nabs.Core.Patching", "Libraries\Nabs.Core.Patching\Nabs.Core.Patching.csproj", "{93B8381C-34C0-41D1-ABD1-CA79C070AAC2}"
EndProject
Project("{9A19103F-16F7-4668-BE54-9A1E7A4F7556}") = "PatchingPersistence", "PatchingExample\PatchingPersistence\PatchingPersistence.csproj", "{FF4716D3-C748-47B7-A153-643B3B3EDC42}"
EndProject
Project("{9A19103F-16F7-4668-BE54-9A1E7A4F7556}") = "PatchingWebApiExample", "PatchingExample\PatchingWebApiExample\PatchingWebApiExample.csproj", "{38516C88-704E-4C17-845F-B7718CCA2A86}"
EndProject
Project("{2150E333-8FDC-42A3-9474-1A3956D46DE8}") = "UnitTesting", "UnitTesting", "{E0CB3691-AB62-40C9-82EF-C9D0A93C50DC}"
EndProject
Project("{9A19103F-16F7-4668-BE54-9A1E7A4F7556}") = "UnitTestingFundamentals.Services", "UnitTesting\UnitTestingFundamentals.Services\UnitTestingFundamentals.Services.csproj", "{34FAA54D-2D92-4651-88A9-3038158128A8}"
EndProject
Project("{9A19103F-16F7-4668-BE54-9A1E7A4F7556}") = "UnitTestingFundamentals.UnitTests", "UnitTesting\UnitTestingFundamentals.UnitTests\UnitTestingFundamentals.UnitTests.csproj", "{2488FBEA-DB25-4F7E-8148-E22BABEB4F23}"
EndProject
Project("{2150E333-8FDC-42A3-9474-1A3956D46DE8}") = "SecureApps", "SecureApps", "{3AC69BF1-39A3-401C-BCC9-09DC0D794D1F}"
EndProject
Project("{FAE04EC0-301F-11D3-BF4B-00C04F79EFBC}") = "Nabs.SecureApps.Gateway", "SecureApps\Nabs.SecureApps.Gateway\Nabs.SecureApps.Gateway.csproj", "{D30CA611-16F2-4F52-AD02-7353C7554523}"
EndProject
Project("{FAE04EC0-301F-11D3-BF4B-00C04F79EFBC}") = "Nabs.SecureApps.Api", "SecureApps\Nabs.SecureApps.Api\Nabs.SecureApps.Api.csproj", "{98DB3D7B-F973-4B2A-82AF-5F9C7EDACFA5}"
EndProject
Project("{FAE04EC0-301F-11D3-BF4B-00C04F79EFBC}") = "Nabs.SecureApps.Contexts", "Nabs.SecureApps.Contexts\Nabs.SecureApps.Contexts.csproj", "{FFF3C11F-33DB-4E77-B0CE-9E13B19433ED}"
EndProject
Project("{FAE04EC0-301F-11D3-BF4B-00C04F79EFBC}") = "Nabs.SecureApps.App1", "SecureApps\Nabs.SecureApps.App1\Nabs.SecureApps.App1.csproj", "{57D55403-A318-4250-AEE1-DE66D669DAD3}"
EndProject
Global
	GlobalSection(SolutionConfigurationPlatforms) = preSolution
		Debug|Any CPU = Debug|Any CPU
		Release|Any CPU = Release|Any CPU
	EndGlobalSection
	GlobalSection(ProjectConfigurationPlatforms) = postSolution
		{30CD24A2-3DC1-4917-9DF9-C932CAF0C506}.Debug|Any CPU.ActiveCfg = Debug|Any CPU
		{30CD24A2-3DC1-4917-9DF9-C932CAF0C506}.Debug|Any CPU.Build.0 = Debug|Any CPU
		{30CD24A2-3DC1-4917-9DF9-C932CAF0C506}.Release|Any CPU.ActiveCfg = Release|Any CPU
		{30CD24A2-3DC1-4917-9DF9-C932CAF0C506}.Release|Any CPU.Build.0 = Release|Any CPU
		{21F5CDF6-9CBB-4B38-8734-85740CE58CDE}.Debug|Any CPU.ActiveCfg = Debug|Any CPU
		{21F5CDF6-9CBB-4B38-8734-85740CE58CDE}.Debug|Any CPU.Build.0 = Debug|Any CPU
		{21F5CDF6-9CBB-4B38-8734-85740CE58CDE}.Release|Any CPU.ActiveCfg = Release|Any CPU
		{21F5CDF6-9CBB-4B38-8734-85740CE58CDE}.Release|Any CPU.Build.0 = Release|Any CPU
		{5D4D6812-424E-4B93-8745-737CDF6F0388}.Debug|Any CPU.ActiveCfg = Debug|Any CPU
		{5D4D6812-424E-4B93-8745-737CDF6F0388}.Debug|Any CPU.Build.0 = Debug|Any CPU
		{5D4D6812-424E-4B93-8745-737CDF6F0388}.Release|Any CPU.ActiveCfg = Release|Any CPU
		{5D4D6812-424E-4B93-8745-737CDF6F0388}.Release|Any CPU.Build.0 = Release|Any CPU
		{3A5D13A2-5E96-4973-9DD4-624E86B74F71}.Debug|Any CPU.ActiveCfg = Debug|Any CPU
		{3A5D13A2-5E96-4973-9DD4-624E86B74F71}.Debug|Any CPU.Build.0 = Debug|Any CPU
		{3A5D13A2-5E96-4973-9DD4-624E86B74F71}.Release|Any CPU.ActiveCfg = Release|Any CPU
		{3A5D13A2-5E96-4973-9DD4-624E86B74F71}.Release|Any CPU.Build.0 = Release|Any CPU
		{3039227E-8131-4116-9693-DDB868A7AF69}.Debug|Any CPU.ActiveCfg = Debug|Any CPU
		{3039227E-8131-4116-9693-DDB868A7AF69}.Debug|Any CPU.Build.0 = Debug|Any CPU
		{3039227E-8131-4116-9693-DDB868A7AF69}.Release|Any CPU.ActiveCfg = Release|Any CPU
		{3039227E-8131-4116-9693-DDB868A7AF69}.Release|Any CPU.Build.0 = Release|Any CPU
		{67426E13-A5C7-415D-90EA-79661CB4A420}.Debug|Any CPU.ActiveCfg = Debug|Any CPU
		{67426E13-A5C7-415D-90EA-79661CB4A420}.Debug|Any CPU.Build.0 = Debug|Any CPU
		{67426E13-A5C7-415D-90EA-79661CB4A420}.Release|Any CPU.ActiveCfg = Release|Any CPU
		{67426E13-A5C7-415D-90EA-79661CB4A420}.Release|Any CPU.Build.0 = Release|Any CPU
		{1DC09180-32F8-45DA-9C68-CB999DF32D17}.Debug|Any CPU.ActiveCfg = Debug|Any CPU
		{1DC09180-32F8-45DA-9C68-CB999DF32D17}.Debug|Any CPU.Build.0 = Debug|Any CPU
		{1DC09180-32F8-45DA-9C68-CB999DF32D17}.Release|Any CPU.ActiveCfg = Release|Any CPU
		{1DC09180-32F8-45DA-9C68-CB999DF32D17}.Release|Any CPU.Build.0 = Release|Any CPU
		{93B8381C-34C0-41D1-ABD1-CA79C070AAC2}.Debug|Any CPU.ActiveCfg = Debug|Any CPU
		{93B8381C-34C0-41D1-ABD1-CA79C070AAC2}.Debug|Any CPU.Build.0 = Debug|Any CPU
		{93B8381C-34C0-41D1-ABD1-CA79C070AAC2}.Release|Any CPU.ActiveCfg = Release|Any CPU
		{93B8381C-34C0-41D1-ABD1-CA79C070AAC2}.Release|Any CPU.Build.0 = Release|Any CPU
		{FF4716D3-C748-47B7-A153-643B3B3EDC42}.Debug|Any CPU.ActiveCfg = Debug|Any CPU
		{FF4716D3-C748-47B7-A153-643B3B3EDC42}.Debug|Any CPU.Build.0 = Debug|Any CPU
		{FF4716D3-C748-47B7-A153-643B3B3EDC42}.Release|Any CPU.ActiveCfg = Release|Any CPU
		{FF4716D3-C748-47B7-A153-643B3B3EDC42}.Release|Any CPU.Build.0 = Release|Any CPU
		{38516C88-704E-4C17-845F-B7718CCA2A86}.Debug|Any CPU.ActiveCfg = Debug|Any CPU
		{38516C88-704E-4C17-845F-B7718CCA2A86}.Debug|Any CPU.Build.0 = Debug|Any CPU
		{38516C88-704E-4C17-845F-B7718CCA2A86}.Release|Any CPU.ActiveCfg = Release|Any CPU
		{38516C88-704E-4C17-845F-B7718CCA2A86}.Release|Any CPU.Build.0 = Release|Any CPU
		{34FAA54D-2D92-4651-88A9-3038158128A8}.Debug|Any CPU.ActiveCfg = Debug|Any CPU
		{34FAA54D-2D92-4651-88A9-3038158128A8}.Debug|Any CPU.Build.0 = Debug|Any CPU
		{34FAA54D-2D92-4651-88A9-3038158128A8}.Release|Any CPU.ActiveCfg = Release|Any CPU
		{34FAA54D-2D92-4651-88A9-3038158128A8}.Release|Any CPU.Build.0 = Release|Any CPU
		{2488FBEA-DB25-4F7E-8148-E22BABEB4F23}.Debug|Any CPU.ActiveCfg = Debug|Any CPU
		{2488FBEA-DB25-4F7E-8148-E22BABEB4F23}.Debug|Any CPU.Build.0 = Debug|Any CPU
		{2488FBEA-DB25-4F7E-8148-E22BABEB4F23}.Release|Any CPU.ActiveCfg = Release|Any CPU
		{2488FBEA-DB25-4F7E-8148-E22BABEB4F23}.Release|Any CPU.Build.0 = Release|Any CPU
		{D30CA611-16F2-4F52-AD02-7353C7554523}.Debug|Any CPU.ActiveCfg = Debug|Any CPU
		{D30CA611-16F2-4F52-AD02-7353C7554523}.Debug|Any CPU.Build.0 = Debug|Any CPU
		{D30CA611-16F2-4F52-AD02-7353C7554523}.Release|Any CPU.ActiveCfg = Release|Any CPU
		{D30CA611-16F2-4F52-AD02-7353C7554523}.Release|Any CPU.Build.0 = Release|Any CPU
		{98DB3D7B-F973-4B2A-82AF-5F9C7EDACFA5}.Debug|Any CPU.ActiveCfg = Debug|Any CPU
		{98DB3D7B-F973-4B2A-82AF-5F9C7EDACFA5}.Debug|Any CPU.Build.0 = Debug|Any CPU
		{98DB3D7B-F973-4B2A-82AF-5F9C7EDACFA5}.Release|Any CPU.ActiveCfg = Release|Any CPU
		{98DB3D7B-F973-4B2A-82AF-5F9C7EDACFA5}.Release|Any CPU.Build.0 = Release|Any CPU
		{FFF3C11F-33DB-4E77-B0CE-9E13B19433ED}.Debug|Any CPU.ActiveCfg = Debug|Any CPU
		{FFF3C11F-33DB-4E77-B0CE-9E13B19433ED}.Debug|Any CPU.Build.0 = Debug|Any CPU
		{FFF3C11F-33DB-4E77-B0CE-9E13B19433ED}.Release|Any CPU.ActiveCfg = Release|Any CPU
		{FFF3C11F-33DB-4E77-B0CE-9E13B19433ED}.Release|Any CPU.Build.0 = Release|Any CPU
		{57D55403-A318-4250-AEE1-DE66D669DAD3}.Debug|Any CPU.ActiveCfg = Debug|Any CPU
		{57D55403-A318-4250-AEE1-DE66D669DAD3}.Debug|Any CPU.Build.0 = Debug|Any CPU
		{57D55403-A318-4250-AEE1-DE66D669DAD3}.Release|Any CPU.ActiveCfg = Release|Any CPU
		{57D55403-A318-4250-AEE1-DE66D669DAD3}.Release|Any CPU.Build.0 = Release|Any CPU
	EndGlobalSection
	GlobalSection(SolutionProperties) = preSolution
		HideSolutionNode = FALSE
	EndGlobalSection
	GlobalSection(NestedProjects) = preSolution
		{67426E13-A5C7-415D-90EA-79661CB4A420} = {2CF05998-F860-48A1-8917-AE33FF5F90C3}
		{1DC09180-32F8-45DA-9C68-CB999DF32D17} = {2CF05998-F860-48A1-8917-AE33FF5F90C3}
		{93B8381C-34C0-41D1-ABD1-CA79C070AAC2} = {912FACA1-1F5E-4E4A-8549-D099D3E62158}
		{FF4716D3-C748-47B7-A153-643B3B3EDC42} = {2CF05998-F860-48A1-8917-AE33FF5F90C3}
		{38516C88-704E-4C17-845F-B7718CCA2A86} = {2CF05998-F860-48A1-8917-AE33FF5F90C3}
		{34FAA54D-2D92-4651-88A9-3038158128A8} = {E0CB3691-AB62-40C9-82EF-C9D0A93C50DC}
		{2488FBEA-DB25-4F7E-8148-E22BABEB4F23} = {E0CB3691-AB62-40C9-82EF-C9D0A93C50DC}
		{D30CA611-16F2-4F52-AD02-7353C7554523} = {3AC69BF1-39A3-401C-BCC9-09DC0D794D1F}
		{98DB3D7B-F973-4B2A-82AF-5F9C7EDACFA5} = {3AC69BF1-39A3-401C-BCC9-09DC0D794D1F}
		{FFF3C11F-33DB-4E77-B0CE-9E13B19433ED} = {3AC69BF1-39A3-401C-BCC9-09DC0D794D1F}
		{57D55403-A318-4250-AEE1-DE66D669DAD3} = {3AC69BF1-39A3-401C-BCC9-09DC0D794D1F}
	EndGlobalSection
	GlobalSection(ExtensibilityGlobals) = postSolution
		SolutionGuid = {DEE6E87D-17D1-49BB-862C-55393CF1FBAB}
	EndGlobalSection
EndGlobal
